
Microsoft Visual Studio Solution File, Format Version 12.00
# Visual Studio 15
VisualStudioVersion = 15.0.26730.12
MinimumVisualStudioVersion = 10.0.40219.1
Project("{FAE04EC0-301F-11D3-BF4B-00C04F79EFBC}") = "OVP_3_4sem", "OVP_3_4sem\OVP_3_4sem.csproj", "{3929D318-F430-43F3-B928-B5D18B9574E8}"
EndProject
Global
	GlobalSection(SolutionConfigurationPlatforms) = preSolution
		Debug|Any CPU = Debug|Any CPU
		Release|Any CPU = Release|Any CPU
	EndGlobalSection
	GlobalSection(ProjectConfigurationPlatforms) = postSolution
		{3929D318-F430-43F3-B928-B5D18B9574E8}.Debug|Any CPU.ActiveCfg = Debug|Any CPU
		{3929D318-F430-43F3-B928-B5D18B9574E8}.Debug|Any CPU.Build.0 = Debug|Any CPU
		{3929D318-F430-43F3-B928-B5D18B9574E8}.Release|Any CPU.ActiveCfg = Release|Any CPU
		{3929D318-F430-43F3-B928-B5D18B9574E8}.Release|Any CPU.Build.0 = Release|Any CPU
	EndGlobalSection
	GlobalSection(SolutionProperties) = preSolution
		HideSolutionNode = FALSE
	EndGlobalSection
	GlobalSection(ExtensibilityGlobals) = postSolution
		SolutionGuid = {4F44827B-7AF6-46CD-A7D4-09792846729E}
	EndGlobalSection
EndGlobal
